
Microsoft Visual Studio Solution File, Format Version 12.00
# Visual Studio Version 17
VisualStudioVersion = 17.3.32922.545
MinimumVisualStudioVersion = 10.0.40219.1
Project("{FAE04EC0-301F-11D3-BF4B-00C04F79EFBC}") = "sqlConnectorAPP", "sqlConnectorAPP\sqlConnectorAPP.csproj", "{F4CE0A2F-A008-4B0B-9031-FBC2C54EDE08}"
EndProject
Global
	GlobalSection(SolutionConfigurationPlatforms) = preSolution
		Debug|Any CPU = Debug|Any CPU
		Release|Any CPU = Release|Any CPU
	EndGlobalSection
	GlobalSection(ProjectConfigurationPlatforms) = postSolution
		{F4CE0A2F-A008-4B0B-9031-FBC2C54EDE08}.Debug|Any CPU.ActiveCfg = Debug|Any CPU
		{F4CE0A2F-A008-4B0B-9031-FBC2C54EDE08}.Debug|Any CPU.Build.0 = Debug|Any CPU
		{F4CE0A2F-A008-4B0B-9031-FBC2C54EDE08}.Release|Any CPU.ActiveCfg = Release|Any CPU
		{F4CE0A2F-A008-4B0B-9031-FBC2C54EDE08}.Release|Any CPU.Build.0 = Release|Any CPU
	EndGlobalSection
	GlobalSection(SolutionProperties) = preSolution
		HideSolutionNode = FALSE
	EndGlobalSection
	GlobalSection(ExtensibilityGlobals) = postSolution
		SolutionGuid = {B1B6EFAD-C6D7-4CF7-B57B-E1D65BAF50B4}
	EndGlobalSection
EndGlobal
